
Microsoft Visual Studio Solution File, Format Version 12.00
# Visual Studio 15
VisualStudioVersion = 15.0.28307.136
MinimumVisualStudioVersion = 10.0.40219.1
Project("{FAE04EC0-301F-11D3-BF4B-00C04F79EFBC}") = "PrepForOnsite", "PrepForOnsite\PrepForOnsite.csproj", "{5A7501EA-F330-4F95-B03A-6412243D1416}"
EndProject
Global
	GlobalSection(SolutionConfigurationPlatforms) = preSolution
		Debug|Any CPU = Debug|Any CPU
		Release|Any CPU = Release|Any CPU
	EndGlobalSection
	GlobalSection(ProjectConfigurationPlatforms) = postSolution
		{5A7501EA-F330-4F95-B03A-6412243D1416}.Debug|Any CPU.ActiveCfg = Debug|Any CPU
		{5A7501EA-F330-4F95-B03A-6412243D1416}.Debug|Any CPU.Build.0 = Debug|Any CPU
		{5A7501EA-F330-4F95-B03A-6412243D1416}.Release|Any CPU.ActiveCfg = Release|Any CPU
		{5A7501EA-F330-4F95-B03A-6412243D1416}.Release|Any CPU.Build.0 = Release|Any CPU
	EndGlobalSection
	GlobalSection(SolutionProperties) = preSolution
		HideSolutionNode = FALSE
	EndGlobalSection
	GlobalSection(ExtensibilityGlobals) = postSolution
		SolutionGuid = {AC03A1AD-6323-45B8-8692-B8A5468F561F}
	EndGlobalSection
EndGlobal
